<?xml version="1.0" encoding="UTF-8"?>
<!DOCTYPE plist PUBLIC "-//Apple//DTD PLIST 1.0//EN" "http://www.apple.com/DTDs/PropertyList-1.0.dtd">
<plist version="1.0">
<dict>
	<key>archiveVersion</key>
	<string>1</string>
	<key>classes</key>
	<dict/>
	<key>objectVersion</key>
	<string>46</string>
	<key>objects</key>
	<dict>
		<key>07D94B43AFE16D302B0726F7</key>
		<dict>
			<key>isa</key>
			<string>PBXFileReference</string>
			<key>lastKnownFileType</key>
			<string>sourcecode.c.h</string>
			<key>name</key>
			<string>xcc_general_include.h</string>
			<key>path</key>
			<string>.XcodeSupport/xcc_general_include.h</string>
			<key>sourceTree</key>
			<string>SOURCE_ROOT</string>
		</dict>
		<key>09274D71A03346138B14090F</key>
		<dict>
			<key>children</key>
			<array>
				<string>FA8644C8AA53857C1D873841</string>
				<string>D2E24255813C90D8BD2B9983</string>
				<string>297F4E8C8634B730B7B23A4A</string>
				<string>469B44908412D794B47A4FFE</string>
				<string>832048F3A964EBBCDEF6C2A6</string>
				<string>AB8B422AA278C128D1607B1E</string>
				<string>99704BED8F477155B657CA2B</string>
				<string>28DF4B8687E1AA985EEEAD4E</string>
				<string>30F64F97A996245CD3A46FFB</string>
				<string>6D4E492C88609154133C2633</string>
				<string>35144F3EA64A0A88113930C1</string>
				<string>227545648FB315F0155E106C</string>
				<string>70E54B7DBE354487AF7749F7</string>
				<string>51F7417FB8917574E73B1129</string>
				<string>EDE44FE6B3BABF5EFF5E5428</string>
				<string>B371473693B7D82C8E2FA21B</string>
				<string>BE484F51BE133C5F5D7676CC</string>
				<string>1F5E455B8F43962DF33D623E</string>
				<string>D2E749EFA2FA815305526B4C</string>
				<string>F28E4403AF87C5874913E190</string>
			</array>
			<key>isa</key>
			<string>PBXGroup</string>
			<key>name</key>
			<string>Sources</string>
			<key>sourceTree</key>
			<string>&lt;group&gt;</string>
		</dict>
		<key>1A9E4BA19A088AE918AF0138</key>
		<dict>
			<key>isa</key>
			<string>PBXFileReference</string>
			<key>lastKnownFileType</key>
			<string>sourcecode.c.objc</string>
			<key>name</key>
			<string>_Users_Achal_Sites_OpenTable_Controllers_RestaurantListController.m</string>
			<key>path</key>
			<string>.XcodeSupport/_Users_Achal_Sites_OpenTable_Controllers_RestaurantListController.m</string>
			<key>sourceTree</key>
			<string>SOURCE_ROOT</string>
		</dict>
		<key>1B8C4316A713332823BA3B5E</key>
		<dict>
			<key>isa</key>
			<string>PBXFileReference</string>
			<key>lastKnownFileType</key>
			<string>sourcecode.c.objc</string>
			<key>name</key>
			<string>_Users_Achal_Sites_OpenTable_AppController.m</string>
			<key>path</key>
			<string>.XcodeSupport/_Users_Achal_Sites_OpenTable_AppController.m</string>
			<key>sourceTree</key>
			<string>SOURCE_ROOT</string>
		</dict>
		<key>1F23475BAE967B0333225FBF</key>
		<dict>
			<key>isa</key>
			<string>PBXFileReference</string>
			<key>lastKnownFileType</key>
			<string>sourcecode.c.objc</string>
			<key>name</key>
			<string>_Users_Achal_Sites_OpenTable_Controllers_HomeController.m</string>
			<key>path</key>
			<string>.XcodeSupport/_Users_Achal_Sites_OpenTable_Controllers_HomeController.m</string>
			<key>sourceTree</key>
			<string>SOURCE_ROOT</string>
		</dict>
		<key>1F5E455B8F43962DF33D623E</key>
		<dict>
			<key>isa</key>
			<string>PBXFileReference</string>
			<key>lastKnownFileType</key>
			<string>?</string>
			<key>name</key>
			<string>CPObject+Additions.j</string>
			<key>path</key>
			<string>Extras/CPObject+Additions.j</string>
			<key>sourceTree</key>
			<string>SOURCE_ROOT</string>
		</dict>
		<key>227545648FB315F0155E106C</key>
		<dict>
			<key>isa</key>
			<string>PBXFileReference</string>
			<key>lastKnownFileType</key>
			<string>?</string>
			<key>name</key>
			<string>CPObject+Additions.j</string>
			<key>path</key>
			<string>Extras/CPObject+Additions.j</string>
			<key>sourceTree</key>
			<string>SOURCE_ROOT</string>
		</dict>
		<key>27504560A34371310FFC45CF</key>
		<dict>
			<key>fileRef</key>
			<string>5B084F71A310892FBC164ED2</string>
			<key>isa</key>
			<string>PBXBuildFile</string>
		</dict>
		<key>28DF4B8687E1AA985EEEAD4E</key>
		<dict>
			<key>isa</key>
			<string>PBXFileReference</string>
			<key>lastKnownFileType</key>
			<string>?</string>
			<key>name</key>
			<string>SplashScreenController.j</string>
			<key>path</key>
			<string>Controllers/SplashScreenController.j</string>
			<key>sourceTree</key>
			<string>SOURCE_ROOT</string>
		</dict>
		<key>297F4E8C8634B730B7B23A4A</key>
		<dict>
			<key>isa</key>
			<string>PBXFileReference</string>
			<key>lastKnownFileType</key>
			<string>?</string>
			<key>name</key>
			<string>RestaurantListController.j</string>
			<key>path</key>
			<string>Controllers/RestaurantListController.j</string>
			<key>sourceTree</key>
			<string>SOURCE_ROOT</string>
		</dict>
		<key>30F64F97A996245CD3A46FFB</key>
		<dict>
			<key>isa</key>
			<string>PBXFileReference</string>
			<key>lastKnownFileType</key>
			<string>?</string>
			<key>name</key>
			<string>HomeController.j</string>
			<key>path</key>
			<string>Controllers/HomeController.j</string>
			<key>sourceTree</key>
			<string>SOURCE_ROOT</string>
		</dict>
		<key>35144F3EA64A0A88113930C1</key>
		<dict>
			<key>isa</key>
			<string>PBXFileReference</string>
			<key>lastKnownFileType</key>
			<string>?</string>
			<key>name</key>
			<string>CPObject+Additions.j</string>
			<key>path</key>
			<string>Extras/CPObject+Additions.j</string>
			<key>sourceTree</key>
			<string>SOURCE_ROOT</string>
		</dict>
		<key>4060497E90000377D20BBE2B</key>
		<dict>
			<key>fileRef</key>
			<string>1A9E4BA19A088AE918AF0138</string>
			<key>isa</key>
			<string>PBXBuildFile</string>
		</dict>
		<key>469B44908412D794B47A4FFE</key>
		<dict>
			<key>isa</key>
			<string>PBXFileReference</string>
			<key>lastKnownFileType</key>
			<string>?</string>
			<key>name</key>
			<string>SplashScreenController.j</string>
			<key>path</key>
			<string>Controllers/SplashScreenController.j</string>
			<key>sourceTree</key>
			<string>SOURCE_ROOT</string>
		</dict>
		<key>51F7417FB8917574E73B1129</key>
		<dict>
			<key>isa</key>
			<string>PBXFileReference</string>
			<key>lastKnownFileType</key>
			<string>?</string>
			<key>name</key>
			<string>CPObject+Additions.j</string>
			<key>path</key>
			<string>Extras/CPObject+Additions.j</string>
			<key>sourceTree</key>
			<string>SOURCE_ROOT</string>
		</dict>
		<key>52E7470E97A287B4C68F697D</key>
		<dict>
			<key>isa</key>
			<string>PBXFileReference</string>
			<key>lastKnownFileType</key>
			<string>sourcecode.c.h</string>
			<key>name</key>
			<string>_Users_Achal_Sites_OpenTable_Controllers_RestaurantListController.h</string>
			<key>path</key>
			<string>.XcodeSupport/_Users_Achal_Sites_OpenTable_Controllers_RestaurantListController.h</string>
			<key>sourceTree</key>
			<string>SOURCE_ROOT</string>
		</dict>
		<key>5B084F71A310892FBC164ED2</key>
		<dict>
			<key>isa</key>
			<string>PBXFileReference</string>
			<key>lastKnownFileType</key>
			<string>sourcecode.c.objc</string>
			<key>name</key>
			<string>_Users_Achal_Sites_OpenTable_Models_DataAPI.m</string>
			<key>path</key>
			<string>.XcodeSupport/_Users_Achal_Sites_OpenTable_Models_DataAPI.m</string>
			<key>sourceTree</key>
			<string>SOURCE_ROOT</string>
		</dict>
		<key>5E024E64AB31187E38A90284</key>
		<dict>
			<key>isa</key>
			<string>PBXFileReference</string>
			<key>lastKnownFileType</key>
			<string>sourcecode.c.h</string>
			<key>name</key>
			<string>_Users_Achal_Sites_OpenTable_AppController.h</string>
			<key>path</key>
			<string>.XcodeSupport/_Users_Achal_Sites_OpenTable_AppController.h</string>
			<key>sourceTree</key>
			<string>SOURCE_ROOT</string>
		</dict>
		<key>6D4E492C88609154133C2633</key>
		<dict>
			<key>isa</key>
			<string>PBXFileReference</string>
			<key>lastKnownFileType</key>
			<string>?</string>
			<key>name</key>
			<string>RestaurantListController.j</string>
			<key>path</key>
			<string>Controllers/RestaurantListController.j</string>
			<key>sourceTree</key>
			<string>SOURCE_ROOT</string>
		</dict>
		<key>70E54B7DBE354487AF7749F7</key>
		<dict>
			<key>isa</key>
			<string>PBXFileReference</string>
			<key>lastKnownFileType</key>
			<string>?</string>
			<key>name</key>
			<string>CPObject+Additions.j</string>
			<key>path</key>
			<string>Extras/CPObject+Additions.j</string>
			<key>sourceTree</key>
			<string>SOURCE_ROOT</string>
		</dict>
		<key>81F844CEA6ECF60A818A070F</key>
		<dict>
			<key>isa</key>
			<string>PBXFileReference</string>
			<key>lastKnownFileType</key>
			<string>sourcecode.c.h</string>
			<key>name</key>
			<string>_Users_Achal_Sites_OpenTable_Controllers_HomeController.h</string>
			<key>path</key>
			<string>.XcodeSupport/_Users_Achal_Sites_OpenTable_Controllers_HomeController.h</string>
			<key>sourceTree</key>
			<string>SOURCE_ROOT</string>
		</dict>
		<key>832048F3A964EBBCDEF6C2A6</key>
		<dict>
			<key>isa</key>
			<string>PBXFileReference</string>
			<key>lastKnownFileType</key>
			<string>?</string>
			<key>name</key>
			<string>HomeController.j</string>
			<key>path</key>
			<string>Controllers/HomeController.j</string>
			<key>sourceTree</key>
			<string>SOURCE_ROOT</string>
		</dict>
		<key>84D241ADAB75ABF0DBE3B80C</key>
		<dict>
			<key>isa</key>
			<string>PBXFileReference</string>
			<key>lastKnownFileType</key>
			<string>sourcecode.c.objc</string>
			<key>name</key>
			<string>_Users_Achal_Sites_OpenTable_Controllers_SplashScreenController.m</string>
			<key>path</key>
			<string>.XcodeSupport/_Users_Achal_Sites_OpenTable_Controllers_SplashScreenController.m</string>
			<key>sourceTree</key>
			<string>SOURCE_ROOT</string>
		</dict>
		<key>99704BED8F477155B657CA2B</key>
		<dict>
			<key>isa</key>
			<string>PBXFileReference</string>
			<key>lastKnownFileType</key>
			<string>?</string>
			<key>name</key>
			<string>SplashScreenController.j</string>
			<key>path</key>
			<string>Controllers/SplashScreenController.j</string>
			<key>sourceTree</key>
			<string>SOURCE_ROOT</string>
		</dict>
		<key>9BBC43EC8C6D8803E3099754</key>
		<dict>
			<key>children</key>
			<array>
				<string>07D94B43AFE16D302B0726F7</string>
				<string>5E024E64AB31187E38A90284</string>
				<string>1B8C4316A713332823BA3B5E</string>
				<string>A7264D64A62E8D9F8B138F43</string>
				<string>84D241ADAB75ABF0DBE3B80C</string>
				<string>81F844CEA6ECF60A818A070F</string>
				<string>1F23475BAE967B0333225FBF</string>
				<string>52E7470E97A287B4C68F697D</string>
				<string>1A9E4BA19A088AE918AF0138</string>
				<string>B6F74E458EE0D14BC7DD5A64</string>
				<string>5B084F71A310892FBC164ED2</string>
			</array>
			<key>isa</key>
			<string>PBXGroup</string>
			<key>name</key>
			<string>Classes</string>
			<key>sourceTree</key>
			<string>&lt;group&gt;</string>
		</dict>
		<key>9EEC4488135749D200615446</key>
		<dict>
			<key>children</key>
			<array>
				<string>9EEC44CB13574A0B00615446</string>
				<string>9EEC4496135749D200615446</string>
				<string>9BBC43EC8C6D8803E3099754</string>
				<string>09274D71A03346138B14090F</string>
			</array>
			<key>isa</key>
			<string>PBXGroup</string>
			<key>sourceTree</key>
			<string>&lt;group&gt;</string>
		</dict>
		<key>9EEC448A135749D200615446</key>
		<dict>
			<key>attributes</key>
			<dict>
				<key>LastUpgradeCheck</key>
				<string>0440</string>
				<key>ORGANIZATIONNAME</key>
				<string>280 North, Inc.</string>
			</dict>
			<key>buildConfigurationList</key>
			<string>9EEC448D135749D200615446</string>
			<key>compatibilityVersion</key>
			<string>Xcode 3.2</string>
			<key>developmentRegion</key>
			<string>English</string>
			<key>hasScannedForEncodings</key>
			<string>0</string>
			<key>isa</key>
			<string>PBXProject</string>
			<key>knownRegions</key>
			<array>
				<string>en</string>
			</array>
			<key>mainGroup</key>
			<string>9EEC4488135749D200615446</string>
			<key>productRefGroup</key>
			<string>9EEC4494135749D200615446</string>
			<key>projectDirPath</key>
			<string></string>
			<key>projectRoot</key>
			<string></string>
			<key>targets</key>
			<array>
				<string>9EEC4492135749D200615446</string>
			</array>
		</dict>
		<key>9EEC448D135749D200615446</key>
		<dict>
			<key>buildConfigurations</key>
			<array>
				<string>9EEC44C3135749D300615446</string>
				<string>9EEC44C4135749D300615446</string>
			</array>
			<key>defaultConfigurationIsVisible</key>
			<string>0</string>
			<key>defaultConfigurationName</key>
			<string>Release</string>
			<key>isa</key>
			<string>XCConfigurationList</string>
		</dict>
		<key>9EEC448F135749D200615446</key>
		<dict>
			<key>buildActionMask</key>
			<string>2147483647</string>
			<key>files</key>
			<array>
				<string>A26E4184B8C3718D06316546</string>
				<string>F50A4B2AA867F6BD1D7A18AB</string>
				<string>CF5A4633BE6D7231187475C5</string>
				<string>4060497E90000377D20BBE2B</string>
				<string>27504560A34371310FFC45CF</string>
			</array>
			<key>isa</key>
			<string>PBXSourcesBuildPhase</string>
			<key>runOnlyForDeploymentPostprocessing</key>
			<string>0</string>
		</dict>
		<key>9EEC4490135749D200615446</key>
		<dict>
			<key>buildActionMask</key>
			<string>2147483647</string>
			<key>files</key>
			<array>
				<string>9EEC4498135749D200615446</string>
			</array>
			<key>isa</key>
			<string>PBXFrameworksBuildPhase</string>
			<key>runOnlyForDeploymentPostprocessing</key>
			<string>0</string>
		</dict>
		<key>9EEC4491135749D200615446</key>
		<dict>
			<key>buildActionMask</key>
			<string>2147483647</string>
			<key>files</key>
			<array>
				<string>9EEC44CC13574A0B00615446</string>
			</array>
			<key>isa</key>
			<string>PBXResourcesBuildPhase</string>
			<key>runOnlyForDeploymentPostprocessing</key>
			<string>0</string>
		</dict>
		<key>9EEC4492135749D200615446</key>
		<dict>
			<key>buildConfigurationList</key>
			<string>9EEC44C5135749D300615446</string>
			<key>buildPhases</key>
			<array>
				<string>9EEC448F135749D200615446</string>
				<string>9EEC4490135749D200615446</string>
				<string>9EEC4491135749D200615446</string>
			</array>
			<key>buildRules</key>
			<array/>
			<key>dependencies</key>
			<array/>
			<key>isa</key>
			<string>PBXNativeTarget</string>
			<key>name</key>
			<string>Another</string>
			<key>productName</key>
			<string>Another</string>
			<key>productReference</key>
			<string>9EEC4493135749D200615446</string>
			<key>productType</key>
			<string>com.apple.product-type.application</string>
		</dict>
		<key>9EEC4493135749D200615446</key>
		<dict>
			<key>explicitFileType</key>
			<string>wrapper.application</string>
			<key>includeInIndex</key>
			<string>0</string>
			<key>isa</key>
			<string>PBXFileReference</string>
			<key>path</key>
			<string>Another.app</string>
			<key>sourceTree</key>
			<string>BUILT_PRODUCTS_DIR</string>
		</dict>
		<key>9EEC4494135749D200615446</key>
		<dict>
			<key>children</key>
			<array>
				<string>9EEC4493135749D200615446</string>
			</array>
			<key>isa</key>
			<string>PBXGroup</string>
			<key>name</key>
			<string>Products</string>
			<key>sourceTree</key>
			<string>&lt;group&gt;</string>
		</dict>
		<key>9EEC4496135749D200615446</key>
		<dict>
			<key>children</key>
			<array>
				<string>9EEC4497135749D200615446</string>
				<string>9EEC4499135749D300615446</string>
			</array>
			<key>isa</key>
			<string>PBXGroup</string>
			<key>name</key>
			<string>Frameworks</string>
			<key>sourceTree</key>
			<string>&lt;group&gt;</string>
		</dict>
		<key>9EEC4497135749D200615446</key>
		<dict>
			<key>isa</key>
			<string>PBXFileReference</string>
			<key>lastKnownFileType</key>
			<string>wrapper.framework</string>
			<key>name</key>
			<string>Cocoa.framework</string>
			<key>path</key>
			<string>System/Library/Frameworks/Cocoa.framework</string>
			<key>sourceTree</key>
			<string>SDKROOT</string>
		</dict>
		<key>9EEC4498135749D200615446</key>
		<dict>
			<key>fileRef</key>
			<string>9EEC4497135749D200615446</string>
			<key>isa</key>
			<string>PBXBuildFile</string>
		</dict>
		<key>9EEC4499135749D300615446</key>
		<dict>
			<key>children</key>
			<array>
				<string>9EEC449A135749D300615446</string>
				<string>9EEC449B135749D300615446</string>
				<string>9EEC449C135749D300615446</string>
			</array>
			<key>isa</key>
			<string>PBXGroup</string>
			<key>name</key>
			<string>Other Frameworks</string>
			<key>sourceTree</key>
			<string>&lt;group&gt;</string>
		</dict>
		<key>9EEC449A135749D300615446</key>
		<dict>
			<key>isa</key>
			<string>PBXFileReference</string>
			<key>lastKnownFileType</key>
			<string>wrapper.framework</string>
			<key>name</key>
			<string>AppKit.framework</string>
			<key>path</key>
			<string>System/Library/Frameworks/AppKit.framework</string>
			<key>sourceTree</key>
			<string>SDKROOT</string>
		</dict>
		<key>9EEC449B135749D300615446</key>
		<dict>
			<key>isa</key>
			<string>PBXFileReference</string>
			<key>lastKnownFileType</key>
			<string>wrapper.framework</string>
			<key>name</key>
			<string>CoreData.framework</string>
			<key>path</key>
			<string>System/Library/Frameworks/CoreData.framework</string>
			<key>sourceTree</key>
			<string>SDKROOT</string>
		</dict>
		<key>9EEC449C135749D300615446</key>
		<dict>
			<key>isa</key>
			<string>PBXFileReference</string>
			<key>lastKnownFileType</key>
			<string>wrapper.framework</string>
			<key>name</key>
			<string>Foundation.framework</string>
			<key>path</key>
			<string>System/Library/Frameworks/Foundation.framework</string>
			<key>sourceTree</key>
			<string>SDKROOT</string>
		</dict>
		<key>9EEC44C3135749D300615446</key>
		<dict>
			<key>buildSettings</key>
			<dict>
				<key>ARCHS</key>
				<string>$(ARCHS_STANDARD_32_64_BIT)</string>
				<key>GCC_C_LANGUAGE_STANDARD</key>
				<string>gnu99</string>
				<key>GCC_OPTIMIZATION_LEVEL</key>
				<string>0</string>
				<key>GCC_PREPROCESSOR_DEFINITIONS</key>
				<string>DEBUG</string>
				<key>GCC_SYMBOLS_PRIVATE_EXTERN</key>
				<string>NO</string>
				<key>GCC_VERSION</key>
				<string>com.apple.compilers.llvm.clang.1_0</string>
				<key>GCC_WARN_64_TO_32_BIT_CONVERSION</key>
				<string>YES</string>
				<key>GCC_WARN_ABOUT_RETURN_TYPE</key>
				<string>YES</string>
				<key>GCC_WARN_UNUSED_VARIABLE</key>
				<string>YES</string>
				<key>MACOSX_DEPLOYMENT_TARGET</key>
				<string>10.6</string>
				<key>ONLY_ACTIVE_ARCH</key>
				<string>YES</string>
				<key>SDKROOT</key>
				<string>macosx</string>
			</dict>
			<key>isa</key>
			<string>XCBuildConfiguration</string>
			<key>name</key>
			<string>Debug</string>
		</dict>
		<key>9EEC44C4135749D300615446</key>
		<dict>
			<key>buildSettings</key>
			<dict>
				<key>ARCHS</key>
				<string>$(ARCHS_STANDARD_32_64_BIT)</string>
				<key>GCC_C_LANGUAGE_STANDARD</key>
				<string>gnu99</string>
				<key>GCC_VERSION</key>
				<string>com.apple.compilers.llvm.clang.1_0</string>
				<key>GCC_WARN_64_TO_32_BIT_CONVERSION</key>
				<string>YES</string>
				<key>GCC_WARN_ABOUT_RETURN_TYPE</key>
				<string>YES</string>
				<key>GCC_WARN_UNUSED_VARIABLE</key>
				<string>YES</string>
				<key>MACOSX_DEPLOYMENT_TARGET</key>
				<string>10.6</string>
				<key>SDKROOT</key>
				<string>macosx</string>
			</dict>
			<key>isa</key>
			<string>XCBuildConfiguration</string>
			<key>name</key>
			<string>Release</string>
		</dict>
		<key>9EEC44C5135749D300615446</key>
		<dict>
			<key>buildConfigurations</key>
			<array>
				<string>9EEC44C6135749D300615446</string>
				<string>9EEC44C7135749D300615446</string>
			</array>
			<key>defaultConfigurationIsVisible</key>
			<string>0</string>
			<key>defaultConfigurationName</key>
			<string>Release</string>
			<key>isa</key>
			<string>XCConfigurationList</string>
		</dict>
		<key>9EEC44C6135749D300615446</key>
		<dict>
			<key>buildSettings</key>
			<dict>
				<key>ALWAYS_SEARCH_USER_PATHS</key>
				<string>NO</string>
				<key>COMBINE_HIDPI_IMAGES</key>
				<string>YES</string>
				<key>COPY_PHASE_STRIP</key>
				<string>NO</string>
				<key>GCC_DYNAMIC_NO_PIC</key>
				<string>NO</string>
				<key>GCC_ENABLE_OBJC_EXCEPTIONS</key>
				<string>YES</string>
				<key>GCC_PRECOMPILE_PREFIX_HEADER</key>
				<string>YES</string>
				<key>GCC_PREFIX_HEADER</key>
				<string>Another/Another-Prefix.pch</string>
				<key>INFOPLIST_FILE</key>
				<string>Another/Another-Info.plist</string>
				<key>PRODUCT_NAME</key>
				<string>$(TARGET_NAME)</string>
				<key>WRAPPER_EXTENSION</key>
				<string>app</string>
			</dict>
			<key>isa</key>
			<string>XCBuildConfiguration</string>
			<key>name</key>
			<string>Debug</string>
		</dict>
		<key>9EEC44C7135749D300615446</key>
		<dict>
			<key>buildSettings</key>
			<dict>
				<key>ALWAYS_SEARCH_USER_PATHS</key>
				<string>NO</string>
				<key>COMBINE_HIDPI_IMAGES</key>
				<string>YES</string>
				<key>COPY_PHASE_STRIP</key>
				<string>YES</string>
				<key>DEBUG_INFORMATION_FORMAT</key>
				<string>dwarf-with-dsym</string>
				<key>GCC_ENABLE_OBJC_EXCEPTIONS</key>
				<string>YES</string>
				<key>GCC_PRECOMPILE_PREFIX_HEADER</key>
				<string>YES</string>
				<key>GCC_PREFIX_HEADER</key>
				<string>Another/Another-Prefix.pch</string>
				<key>INFOPLIST_FILE</key>
				<string>Another/Another-Info.plist</string>
				<key>PRODUCT_NAME</key>
				<string>$(TARGET_NAME)</string>
				<key>WRAPPER_EXTENSION</key>
				<string>app</string>
			</dict>
			<key>isa</key>
			<string>XCBuildConfiguration</string>
			<key>name</key>
			<string>Release</string>
		</dict>
		<key>9EEC44CB13574A0B00615446</key>
		<dict>
			<key>isa</key>
			<string>PBXFileReference</string>
			<key>lastKnownFileType</key>
			<string>folder</string>
			<key>name</key>
			<string>CappuccinoResources</string>
			<key>path</key>
			<string>Resources</string>
			<key>sourceTree</key>
			<string>&lt;group&gt;</string>
		</dict>
		<key>9EEC44CC13574A0B00615446</key>
		<dict>
			<key>fileRef</key>
			<string>9EEC44CB13574A0B00615446</string>
			<key>isa</key>
			<string>PBXBuildFile</string>
		</dict>
		<key>A26E4184B8C3718D06316546</key>
		<dict>
			<key>fileRef</key>
			<string>1B8C4316A713332823BA3B5E</string>
			<key>isa</key>
			<string>PBXBuildFile</string>
		</dict>
		<key>A7264D64A62E8D9F8B138F43</key>
		<dict>
			<key>isa</key>
			<string>PBXFileReference</string>
			<key>lastKnownFileType</key>
			<string>sourcecode.c.h</string>
			<key>name</key>
			<string>_Users_Achal_Sites_OpenTable_Controllers_SplashScreenController.h</string>
			<key>path</key>
			<string>.XcodeSupport/_Users_Achal_Sites_OpenTable_Controllers_SplashScreenController.h</string>
			<key>sourceTree</key>
			<string>SOURCE_ROOT</string>
		</dict>
		<key>AB8B422AA278C128D1607B1E</key>
		<dict>
			<key>isa</key>
			<string>PBXFileReference</string>
			<key>lastKnownFileType</key>
			<string>?</string>
			<key>name</key>
			<string>RestaurantListController.j</string>
			<key>path</key>
			<string>Controllers/RestaurantListController.j</string>
			<key>sourceTree</key>
			<string>SOURCE_ROOT</string>
		</dict>
		<key>B371473693B7D82C8E2FA21B</key>
		<dict>
			<key>isa</key>
			<string>PBXFileReference</string>
			<key>lastKnownFileType</key>
			<string>?</string>
			<key>name</key>
			<string>CPObject+Additions.j</string>
			<key>path</key>
			<string>Extras/CPObject+Additions.j</string>
			<key>sourceTree</key>
			<string>SOURCE_ROOT</string>
		</dict>
		<key>B6F74E458EE0D14BC7DD5A64</key>
		<dict>
			<key>isa</key>
			<string>PBXFileReference</string>
			<key>lastKnownFileType</key>
			<string>sourcecode.c.h</string>
			<key>name</key>
			<string>_Users_Achal_Sites_OpenTable_Models_DataAPI.h</string>
			<key>path</key>
			<string>.XcodeSupport/_Users_Achal_Sites_OpenTable_Models_DataAPI.h</string>
			<key>sourceTree</key>
			<string>SOURCE_ROOT</string>
		</dict>
		<key>BE484F51BE133C5F5D7676CC</key>
		<dict>
			<key>isa</key>
			<string>PBXFileReference</string>
			<key>lastKnownFileType</key>
			<string>?</string>
			<key>name</key>
			<string>CPObject+Additions.j</string>
			<key>path</key>
			<string>Extras/CPObject+Additions.j</string>
			<key>sourceTree</key>
			<string>SOURCE_ROOT</string>
		</dict>
		<key>CF5A4633BE6D7231187475C5</key>
		<dict>
			<key>fileRef</key>
			<string>1F23475BAE967B0333225FBF</string>
			<key>isa</key>
			<string>PBXBuildFile</string>
		</dict>
		<key>D2E24255813C90D8BD2B9983</key>
		<dict>
			<key>isa</key>
			<string>PBXFileReference</string>
			<key>lastKnownFileType</key>
			<string>?</string>
			<key>name</key>
			<string>HomeController.j</string>
			<key>path</key>
			<string>Controllers/HomeController.j</string>
			<key>sourceTree</key>
			<string>SOURCE_ROOT</string>
		</dict>
		<key>D2E749EFA2FA815305526B4C</key>
		<dict>
			<key>isa</key>
			<string>PBXFileReference</string>
			<key>lastKnownFileType</key>
			<string>?</string>
			<key>name</key>
			<string>CPObject+Additions.j</string>
			<key>path</key>
			<string>Extras/CPObject+Additions.j</string>
			<key>sourceTree</key>
			<string>SOURCE_ROOT</string>
		</dict>
		<key>EDE44FE6B3BABF5EFF5E5428</key>
		<dict>
			<key>isa</key>
			<string>PBXFileReference</string>
			<key>lastKnownFileType</key>
			<string>?</string>
			<key>name</key>
			<string>CPObject+Additions.j</string>
			<key>path</key>
			<string>Extras/CPObject+Additions.j</string>
			<key>sourceTree</key>
			<string>SOURCE_ROOT</string>
		</dict>
		<key>F28E4403AF87C5874913E190</key>
		<dict>
			<key>isa</key>
			<string>PBXFileReference</string>
			<key>lastKnownFileType</key>
			<string>?</string>
			<key>name</key>
			<string>DataAPI.j</string>
			<key>path</key>
			<string>Models/DataAPI.j</string>
			<key>sourceTree</key>
			<string>SOURCE_ROOT</string>
		</dict>
		<key>F50A4B2AA867F6BD1D7A18AB</key>
		<dict>
			<key>fileRef</key>
			<string>84D241ADAB75ABF0DBE3B80C</string>
			<key>isa</key>
			<string>PBXBuildFile</string>
		</dict>
		<key>FA8644C8AA53857C1D873841</key>
		<dict>
			<key>isa</key>
			<string>PBXFileReference</string>
			<key>lastKnownFileType</key>
			<string>?</string>
			<key>name</key>
			<string>AppController.j</string>
			<key>path</key>
			<string>AppController.j</string>
			<key>sourceTree</key>
			<string>SOURCE_ROOT</string>
		</dict>
	</dict>
	<key>rootObject</key>
	<string>9EEC448A135749D200615446</string>
</dict>
</plist>
